
Microsoft Visual Studio Solution File, Format Version 12.00
# Visual Studio Version 17
VisualStudioVersion = 17.0.31903.59
MinimumVisualStudioVersion = 10.0.40219.1
Project("{9A19103F-16F7-4668-BE54-9A1E7A4F7556}") = "CleanArchitecture.Core", "CleanArchitecture.Core\CleanArchitecture.Core.csproj", "{B3515291-2184-4025-A1EC-146D3CDAC304}"
EndProject
Project("{9A19103F-16F7-4668-BE54-9A1E7A4F7556}") = "CleanArchitecture.Web", "CleanArchitecture.Web\CleanArchitecture.Web.csproj", "{0D2C823A-3784-421A-9E6A-79BE019A635F}"
EndProject
Project("{9A19103F-16F7-4668-BE54-9A1E7A4F7556}") = "CleanArchitecture.Infrastructure", "CleanArchitecture.Infrastructure\CleanArchitecture.Infrastructure.csproj", "{CEAE12DA-3669-48EE-984D-272548D6DC06}"
EndProject
Global
	GlobalSection(SolutionConfigurationPlatforms) = preSolution
		Debug|Any CPU = Debug|Any CPU
		Release|Any CPU = Release|Any CPU
	EndGlobalSection
	GlobalSection(ProjectConfigurationPlatforms) = postSolution
		{B3515291-2184-4025-A1EC-146D3CDAC304}.Debug|Any CPU.ActiveCfg = Debug|Any CPU
		{B3515291-2184-4025-A1EC-146D3CDAC304}.Debug|Any CPU.Build.0 = Debug|Any CPU
		{B3515291-2184-4025-A1EC-146D3CDAC304}.Release|Any CPU.ActiveCfg = Release|Any CPU
		{B3515291-2184-4025-A1EC-146D3CDAC304}.Release|Any CPU.Build.0 = Release|Any CPU
		{0D2C823A-3784-421A-9E6A-79BE019A635F}.Debug|Any CPU.ActiveCfg = Debug|Any CPU
		{0D2C823A-3784-421A-9E6A-79BE019A635F}.Debug|Any CPU.Build.0 = Debug|Any CPU
		{0D2C823A-3784-421A-9E6A-79BE019A635F}.Release|Any CPU.ActiveCfg = Release|Any CPU
		{0D2C823A-3784-421A-9E6A-79BE019A635F}.Release|Any CPU.Build.0 = Release|Any CPU
		{CEAE12DA-3669-48EE-984D-272548D6DC06}.Debug|Any CPU.ActiveCfg = Debug|Any CPU
		{CEAE12DA-3669-48EE-984D-272548D6DC06}.Debug|Any CPU.Build.0 = Debug|Any CPU
		{CEAE12DA-3669-48EE-984D-272548D6DC06}.Release|Any CPU.ActiveCfg = Release|Any CPU
		{CEAE12DA-3669-48EE-984D-272548D6DC06}.Release|Any CPU.Build.0 = Release|Any CPU
	EndGlobalSection
	GlobalSection(SolutionProperties) = preSolution
		HideSolutionNode = FALSE
	EndGlobalSection
	GlobalSection(ExtensibilityGlobals) = postSolution
		SolutionGuid = {F003BFDE-84C8-4935-ABAC-C5E3F0D04E95}
	EndGlobalSection
EndGlobal
