
Microsoft Visual Studio Solution File, Format Version 12.00
# Visual Studio Version 17
VisualStudioVersion = 17.0.31903.59
MinimumVisualStudioVersion = 10.0.40219.1
Project("{9A19103F-16F7-4668-BE54-9A1E7A4F7556}") = "CleanArchitecture.Infrastructure", "CleanArchitecture.Infrastructure\CleanArchitecture.Infrastructure.csproj", "{CEAE12DA-3669-48EE-984D-272548D6DC06}"
EndProject
Project("{9A19103F-16F7-4668-BE54-9A1E7A4F7556}") = "CleanArchitecture.WebAPI", "CleanArchitecture.WebAPI\CleanArchitecture.WebAPI.csproj", "{EBC72667-7DF7-42ED-8BFC-B5001C14C54E}"
EndProject
Project("{FAE04EC0-301F-11D3-BF4B-00C04F79EFBC}") = "CleanArchitecture.Application", "CleanArchitecture.Application\CleanArchitecture.Application.csproj", "{2BE1A524-BB70-4ADB-8039-B94BDED9AE0C}"
EndProject
Project("{FAE04EC0-301F-11D3-BF4B-00C04F79EFBC}") = "CleanArchitecture.Domain", "CleanArchitecture.Domain\CleanArchitecture.Domain.csproj", "{14A05363-7023-4542-A93F-02F2A773C873}"
EndProject
Global
	GlobalSection(SolutionConfigurationPlatforms) = preSolution
		Debug|Any CPU = Debug|Any CPU
		Release|Any CPU = Release|Any CPU
	EndGlobalSection
	GlobalSection(ProjectConfigurationPlatforms) = postSolution
		{CEAE12DA-3669-48EE-984D-272548D6DC06}.Debug|Any CPU.ActiveCfg = Debug|Any CPU
		{CEAE12DA-3669-48EE-984D-272548D6DC06}.Debug|Any CPU.Build.0 = Debug|Any CPU
		{CEAE12DA-3669-48EE-984D-272548D6DC06}.Release|Any CPU.ActiveCfg = Release|Any CPU
		{CEAE12DA-3669-48EE-984D-272548D6DC06}.Release|Any CPU.Build.0 = Release|Any CPU
		{EBC72667-7DF7-42ED-8BFC-B5001C14C54E}.Debug|Any CPU.ActiveCfg = Debug|Any CPU
		{EBC72667-7DF7-42ED-8BFC-B5001C14C54E}.Debug|Any CPU.Build.0 = Debug|Any CPU
		{EBC72667-7DF7-42ED-8BFC-B5001C14C54E}.Release|Any CPU.ActiveCfg = Release|Any CPU
		{EBC72667-7DF7-42ED-8BFC-B5001C14C54E}.Release|Any CPU.Build.0 = Release|Any CPU
		{2BE1A524-BB70-4ADB-8039-B94BDED9AE0C}.Debug|Any CPU.ActiveCfg = Debug|Any CPU
		{2BE1A524-BB70-4ADB-8039-B94BDED9AE0C}.Debug|Any CPU.Build.0 = Debug|Any CPU
		{2BE1A524-BB70-4ADB-8039-B94BDED9AE0C}.Release|Any CPU.ActiveCfg = Release|Any CPU
		{2BE1A524-BB70-4ADB-8039-B94BDED9AE0C}.Release|Any CPU.Build.0 = Release|Any CPU
		{14A05363-7023-4542-A93F-02F2A773C873}.Debug|Any CPU.ActiveCfg = Debug|Any CPU
		{14A05363-7023-4542-A93F-02F2A773C873}.Debug|Any CPU.Build.0 = Debug|Any CPU
		{14A05363-7023-4542-A93F-02F2A773C873}.Release|Any CPU.ActiveCfg = Release|Any CPU
		{14A05363-7023-4542-A93F-02F2A773C873}.Release|Any CPU.Build.0 = Release|Any CPU
	EndGlobalSection
	GlobalSection(SolutionProperties) = preSolution
		HideSolutionNode = FALSE
	EndGlobalSection
	GlobalSection(ExtensibilityGlobals) = postSolution
		SolutionGuid = {F003BFDE-84C8-4935-ABAC-C5E3F0D04E95}
	EndGlobalSection
EndGlobal
